
Microsoft Visual Studio Solution File, Format Version 12.00
# Visual Studio Version 17
VisualStudioVersion = 17.2.32526.322
MinimumVisualStudioVersion = 10.0.40219.1
Project("{FAE04EC0-301F-11D3-BF4B-00C04F79EFBC}") = "Examen1.Android", "Examen1\Examen1.Android\Examen1.Android.csproj", "{74E4FE5E-8A72-49A6-904B-E02738E2B489}"
EndProject
Project("{FAE04EC0-301F-11D3-BF4B-00C04F79EFBC}") = "Examen1.iOS", "Examen1\Examen1.iOS\Examen1.iOS.csproj", "{71E4B4BA-9E5D-4970-BFBB-D9AB2FCD24B9}"
EndProject
Project("{FAE04EC0-301F-11D3-BF4B-00C04F79EFBC}") = "Examen1", "Examen1\Examen1\Examen1.csproj", "{BF658DB9-9CF4-44B2-9EEA-5FDEC8261704}"
EndProject
Global
	GlobalSection(SolutionConfigurationPlatforms) = preSolution
		Debug|Any CPU = Debug|Any CPU
		Debug|iPhone = Debug|iPhone
		Debug|iPhoneSimulator = Debug|iPhoneSimulator
		Release|Any CPU = Release|Any CPU
		Release|iPhone = Release|iPhone
		Release|iPhoneSimulator = Release|iPhoneSimulator
	EndGlobalSection
	GlobalSection(ProjectConfigurationPlatforms) = postSolution
		{74E4FE5E-8A72-49A6-904B-E02738E2B489}.Debug|Any CPU.ActiveCfg = Debug|Any CPU
		{74E4FE5E-8A72-49A6-904B-E02738E2B489}.Debug|Any CPU.Build.0 = Debug|Any CPU
		{74E4FE5E-8A72-49A6-904B-E02738E2B489}.Debug|Any CPU.Deploy.0 = Debug|Any CPU
		{74E4FE5E-8A72-49A6-904B-E02738E2B489}.Debug|iPhone.ActiveCfg = Debug|Any CPU
		{74E4FE5E-8A72-49A6-904B-E02738E2B489}.Debug|iPhone.Build.0 = Debug|Any CPU
		{74E4FE5E-8A72-49A6-904B-E02738E2B489}.Debug|iPhone.Deploy.0 = Debug|Any CPU
		{74E4FE5E-8A72-49A6-904B-E02738E2B489}.Debug|iPhoneSimulator.ActiveCfg = Debug|Any CPU
		{74E4FE5E-8A72-49A6-904B-E02738E2B489}.Debug|iPhoneSimulator.Build.0 = Debug|Any CPU
		{74E4FE5E-8A72-49A6-904B-E02738E2B489}.Debug|iPhoneSimulator.Deploy.0 = Debug|Any CPU
		{74E4FE5E-8A72-49A6-904B-E02738E2B489}.Release|Any CPU.ActiveCfg = Release|Any CPU
		{74E4FE5E-8A72-49A6-904B-E02738E2B489}.Release|Any CPU.Build.0 = Release|Any CPU
		{74E4FE5E-8A72-49A6-904B-E02738E2B489}.Release|Any CPU.Deploy.0 = Release|Any CPU
		{74E4FE5E-8A72-49A6-904B-E02738E2B489}.Release|iPhone.ActiveCfg = Release|Any CPU
		{74E4FE5E-8A72-49A6-904B-E02738E2B489}.Release|iPhone.Build.0 = Release|Any CPU
		{74E4FE5E-8A72-49A6-904B-E02738E2B489}.Release|iPhone.Deploy.0 = Release|Any CPU
		{74E4FE5E-8A72-49A6-904B-E02738E2B489}.Release|iPhoneSimulator.ActiveCfg = Release|Any CPU
		{74E4FE5E-8A72-49A6-904B-E02738E2B489}.Release|iPhoneSimulator.Build.0 = Release|Any CPU
		{74E4FE5E-8A72-49A6-904B-E02738E2B489}.Release|iPhoneSimulator.Deploy.0 = Release|Any CPU
		{71E4B4BA-9E5D-4970-BFBB-D9AB2FCD24B9}.Debug|Any CPU.ActiveCfg = Debug|iPhone
		{71E4B4BA-9E5D-4970-BFBB-D9AB2FCD24B9}.Debug|Any CPU.Build.0 = Debug|iPhone
		{71E4B4BA-9E5D-4970-BFBB-D9AB2FCD24B9}.Debug|Any CPU.Deploy.0 = Debug|iPhone
		{71E4B4BA-9E5D-4970-BFBB-D9AB2FCD24B9}.Debug|iPhone.ActiveCfg = Debug|iPhone
		{71E4B4BA-9E5D-4970-BFBB-D9AB2FCD24B9}.Debug|iPhone.Build.0 = Debug|iPhone
		{71E4B4BA-9E5D-4970-BFBB-D9AB2FCD24B9}.Debug|iPhone.Deploy.0 = Debug|iPhone
		{71E4B4BA-9E5D-4970-BFBB-D9AB2FCD24B9}.Debug|iPhoneSimulator.ActiveCfg = Debug|iPhoneSimulator
		{71E4B4BA-9E5D-4970-BFBB-D9AB2FCD24B9}.Debug|iPhoneSimulator.Build.0 = Debug|iPhoneSimulator
		{71E4B4BA-9E5D-4970-BFBB-D9AB2FCD24B9}.Debug|iPhoneSimulator.Deploy.0 = Debug|iPhoneSimulator
		{71E4B4BA-9E5D-4970-BFBB-D9AB2FCD24B9}.Release|Any CPU.ActiveCfg = Release|iPhoneSimulator
		{71E4B4BA-9E5D-4970-BFBB-D9AB2FCD24B9}.Release|Any CPU.Build.0 = Release|iPhoneSimulator
		{71E4B4BA-9E5D-4970-BFBB-D9AB2FCD24B9}.Release|Any CPU.Deploy.0 = Release|iPhoneSimulator
		{71E4B4BA-9E5D-4970-BFBB-D9AB2FCD24B9}.Release|iPhone.ActiveCfg = Release|iPhone
		{71E4B4BA-9E5D-4970-BFBB-D9AB2FCD24B9}.Release|iPhone.Build.0 = Release|iPhone
		{71E4B4BA-9E5D-4970-BFBB-D9AB2FCD24B9}.Release|iPhone.Deploy.0 = Release|iPhone
		{71E4B4BA-9E5D-4970-BFBB-D9AB2FCD24B9}.Release|iPhoneSimulator.ActiveCfg = Release|iPhoneSimulator
		{71E4B4BA-9E5D-4970-BFBB-D9AB2FCD24B9}.Release|iPhoneSimulator.Build.0 = Release|iPhoneSimulator
		{71E4B4BA-9E5D-4970-BFBB-D9AB2FCD24B9}.Release|iPhoneSimulator.Deploy.0 = Release|iPhoneSimulator
		{BF658DB9-9CF4-44B2-9EEA-5FDEC8261704}.Debug|Any CPU.ActiveCfg = Debug|Any CPU
		{BF658DB9-9CF4-44B2-9EEA-5FDEC8261704}.Debug|Any CPU.Build.0 = Debug|Any CPU
		{BF658DB9-9CF4-44B2-9EEA-5FDEC8261704}.Debug|Any CPU.Deploy.0 = Debug|Any CPU
		{BF658DB9-9CF4-44B2-9EEA-5FDEC8261704}.Debug|iPhone.ActiveCfg = Debug|Any CPU
		{BF658DB9-9CF4-44B2-9EEA-5FDEC8261704}.Debug|iPhone.Build.0 = Debug|Any CPU
		{BF658DB9-9CF4-44B2-9EEA-5FDEC8261704}.Debug|iPhone.Deploy.0 = Debug|Any CPU
		{BF658DB9-9CF4-44B2-9EEA-5FDEC8261704}.Debug|iPhoneSimulator.ActiveCfg = Debug|Any CPU
		{BF658DB9-9CF4-44B2-9EEA-5FDEC8261704}.Debug|iPhoneSimulator.Build.0 = Debug|Any CPU
		{BF658DB9-9CF4-44B2-9EEA-5FDEC8261704}.Debug|iPhoneSimulator.Deploy.0 = Debug|Any CPU
		{BF658DB9-9CF4-44B2-9EEA-5FDEC8261704}.Release|Any CPU.ActiveCfg = Release|Any CPU
		{BF658DB9-9CF4-44B2-9EEA-5FDEC8261704}.Release|Any CPU.Build.0 = Release|Any CPU
		{BF658DB9-9CF4-44B2-9EEA-5FDEC8261704}.Release|Any CPU.Deploy.0 = Release|Any CPU
		{BF658DB9-9CF4-44B2-9EEA-5FDEC8261704}.Release|iPhone.ActiveCfg = Release|Any CPU
		{BF658DB9-9CF4-44B2-9EEA-5FDEC8261704}.Release|iPhone.Build.0 = Release|Any CPU
		{BF658DB9-9CF4-44B2-9EEA-5FDEC8261704}.Release|iPhone.Deploy.0 = Release|Any CPU
		{BF658DB9-9CF4-44B2-9EEA-5FDEC8261704}.Release|iPhoneSimulator.ActiveCfg = Release|Any CPU
		{BF658DB9-9CF4-44B2-9EEA-5FDEC8261704}.Release|iPhoneSimulator.Build.0 = Release|Any CPU
		{BF658DB9-9CF4-44B2-9EEA-5FDEC8261704}.Release|iPhoneSimulator.Deploy.0 = Release|Any CPU
	EndGlobalSection
	GlobalSection(SolutionProperties) = preSolution
		HideSolutionNode = FALSE
	EndGlobalSection
	GlobalSection(ExtensibilityGlobals) = postSolution
		SolutionGuid = {54C16D77-4F61-4054-A1DE-ACA336E48AD7}
	EndGlobalSection
EndGlobal
